{
  "name": "ng-stator",
  "version": "0.0.1",
  "lockfileVersion": 1,
  "requires": true,
  "dependencies": {
    "@ngrx/store": {
      "version": "8.3.0",
      "resolved": "https://registry.npmjs.org/@ngrx/store/-/store-8.3.0.tgz",
      "integrity": "sha512-QtM5T6/wTYqAlqeW60ptqqrsBwYF7jvQHsh0yE3AnwZIQvSbLFM2t5S2kN+753v4rHiXVRrA5pLaLzjGhAKcSg=="
    }
  }
}
